
Microsoft Visual Studio Solution File, Format Version 12.00
# Visual Studio Version 17
VisualStudioVersion = 17.5.002.0
MinimumVisualStudioVersion = 10.0.40219.1
Project("{9A19103F-16F7-4668-BE54-9A1E7A4F7556}") = "BlackbirdStore", "BlackbirdStore.csproj", "{D282B657-DF59-467E-9EF6-C09770DD6F6B}"
EndProject
Global
	GlobalSection(SolutionConfigurationPlatforms) = preSolution
		Debug|Any CPU = Debug|Any CPU
		Release|Any CPU = Release|Any CPU
	EndGlobalSection
	GlobalSection(ProjectConfigurationPlatforms) = postSolution
		{D282B657-DF59-467E-9EF6-C09770DD6F6B}.Debug|Any CPU.ActiveCfg = Debug|Any CPU
		{D282B657-DF59-467E-9EF6-C09770DD6F6B}.Debug|Any CPU.Build.0 = Debug|Any CPU
		{D282B657-DF59-467E-9EF6-C09770DD6F6B}.Release|Any CPU.ActiveCfg = Release|Any CPU
		{D282B657-DF59-467E-9EF6-C09770DD6F6B}.Release|Any CPU.Build.0 = Release|Any CPU
	EndGlobalSection
	GlobalSection(SolutionProperties) = preSolution
		HideSolutionNode = FALSE
	EndGlobalSection
	GlobalSection(ExtensibilityGlobals) = postSolution
		SolutionGuid = {4E6DE649-53CD-436D-9564-209BA66473FC}
	EndGlobalSection
EndGlobal
